
Microsoft Visual Studio Solution File, Format Version 11.00
# Visual Studio 2010
Project("{FAE04EC0-301F-11D3-BF4B-00C04F79EFBC}") = "BlackNectar2ndHalf", "BlackNectar2ndHalf\BlackNectar2ndHalf.csproj", "{EBA14B15-74A1-4A04-8783-3365A3B6AA4D}"
EndProject
Global
	GlobalSection(SolutionConfigurationPlatforms) = preSolution
		Debug|Any CPU = Debug|Any CPU
		Release|Any CPU = Release|Any CPU
	EndGlobalSection
	GlobalSection(ProjectConfigurationPlatforms) = postSolution
		{EBA14B15-74A1-4A04-8783-3365A3B6AA4D}.Debug|Any CPU.ActiveCfg = Debug|Any CPU
		{EBA14B15-74A1-4A04-8783-3365A3B6AA4D}.Debug|Any CPU.Build.0 = Debug|Any CPU
		{EBA14B15-74A1-4A04-8783-3365A3B6AA4D}.Release|Any CPU.ActiveCfg = Release|Any CPU
		{EBA14B15-74A1-4A04-8783-3365A3B6AA4D}.Release|Any CPU.Build.0 = Release|Any CPU
	EndGlobalSection
	GlobalSection(SolutionProperties) = preSolution
		HideSolutionNode = FALSE
	EndGlobalSection
EndGlobal
